{
  "version": 4,
  "terraform_version": "1.6.3",
  "serial": 20,
  "lineage": "588753e7-efeb-b53f-78d2-a52b13d17651",
  "outputs": {},
  "resources": [
    {
      "mode": "data",
      "type": "http",
      "name": "myip",
      "provider": "provider[\"registry.terraform.io/hashicorp/http\"]",
      "instances": [
        {
          "schema_version": 0,
          "attributes": {
            "body": "95.214.216.112\n",
            "ca_cert_pem": null,
            "id": "http://ipv4.icanhazip.com",
            "insecure": null,
            "method": null,
            "request_body": null,
            "request_headers": null,
            "request_timeout_ms": null,
            "response_body": "95.214.216.112\n",
            "response_body_base64": "OTUuMjE0LjIxNi4xMTIK",
            "response_headers": {
              "Access-Control-Allow-Methods": "GET",
              "Access-Control-Allow-Origin": "*",
              "Cf-Ray": "8c96698438873bb5-WAW",
              "Connection": "keep-alive",
              "Content-Length": "15",
              "Content-Type": "text/plain",
              "Date": "Thu, 26 Sep 2024 21:40:24 GMT",
              "Server": "cloudflare",
              "Set-Cookie": "__cf_bm=.SLT_Ekj5MFnnsPIy1pDMUXdL0z5J062sepvDGNSSJk-1727386824-1.0.1.1-Gm9.ebH14DNUkOEnurBdxSWlq0pYtEWCbbz_sq8DQgATXT6aFJDxkEoSCGqnZyNK6HJQJ5NT_SdyinWKMS7uxA; path=/; expires=Thu, 26-Sep-24 22:10:24 GMT; domain=.icanhazip.com; HttpOnly",
              "Vary": "Accept-Encoding"
            },
            "retry": null,
            "status_code": 200,
            "url": "http://ipv4.icanhazip.com"
          },
          "sensitive_attributes": []
        }
      ]
    },
    {
      "mode": "managed",
      "type": "digitalocean_app",
      "name": "frontend-app",
      "provider": "provider[\"registry.terraform.io/digitalocean/digitalocean\"]",
      "instances": [
        {
          "schema_version": 0,
          "attributes": {
            "active_deployment_id": "93e057fa-d63a-4af6-b1c5-c1fd8d344924",
            "created_at": "2024-09-26 21:40:31 +0000 UTC",
            "dedicated_ips": null,
            "default_ingress": "https://hackyeah-frontend-app-7qesq.ondigitalocean.app",
            "id": "c056bdab-1414-4336-be1b-da144930de4a",
            "live_domain": "hackyeah-frontend-app-7qesq.ondigitalocean.app",
            "live_url": "https://hackyeah-frontend-app-7qesq.ondigitalocean.app",
            "project_id": "fc8dae26-f18e-432a-ac1b-1e9a776755ce",
            "spec": [
              {
                "alert": [],
                "database": [],
                "domain": [],
                "domains": [],
                "egress": [],
                "env": [],
                "features": [
                  "buildpack-stack=ubuntu-22"
                ],
                "function": [],
                "ingress": [
                  {
                    "rule": [
                      {
                        "component": [
                          {
                            "name": "prod-frontend-service",
                            "preserve_path_prefix": false,
                            "rewrite": ""
                          }
                        ],
                        "cors": [],
                        "match": [
                          {
                            "path": [
                              {
                                "prefix": "/"
                              }
                            ]
                          }
                        ],
                        "redirect": []
                      }
                    ]
                  }
                ],
                "job": [],
                "name": "hackyeah-frontend-app",
                "region": "fra",
                "service": [
                  {
                    "alert": [],
                    "autoscaling": [],
                    "build_command": "",
                    "cors": [],
                    "dockerfile_path": "",
                    "env": [],
                    "environment_slug": "",
                    "git": [],
                    "github": [],
                    "gitlab": [],
                    "health_check": [],
                    "http_port": 80,
                    "image": [
                      {
                        "deploy_on_push": [
                          {
                            "enabled": true
                          }
                        ],
                        "registry": "",
                        "registry_credentials": "",
                        "registry_type": "DOCR",
                        "repository": "frontend-app-hackyeah",
                        "tag": "latest"
                      }
                    ],
                    "instance_count": 1,
                    "instance_size_slug": "basic-xxs",
                    "internal_ports": [],
                    "log_destination": [],
                    "name": "prod-frontend-service",
                    "routes": [],
                    "run_command": "",
                    "source_dir": ""
                  }
                ],
                "static_site": [],
                "worker": []
              }
            ],
            "timeouts": null,
            "updated_at": "2024-09-26 21:41:00 +0000 UTC",
            "urn": "do:app:c056bdab-1414-4336-be1b-da144930de4a"
          },
          "sensitive_attributes": [],
          "private": "eyJlMmJmYjczMC1lY2FhLTExZTYtOGY4OC0zNDM2M2JjN2M0YzAiOnsiY3JlYXRlIjoxODAwMDAwMDAwMDAwfX0="
        }
      ]
    },
    {
      "mode": "managed",
      "type": "digitalocean_database_cluster",
      "name": "postgres-db-cluster",
      "provider": "provider[\"registry.terraform.io/digitalocean/digitalocean\"]",
      "instances": [
        {
          "schema_version": 0,
          "attributes": {
            "backup_restore": [],
            "database": "defaultdb",
            "engine": "pg",
            "eviction_policy": null,
            "host": "prod-postgres-db-cluster-hackyeah2024-do-user-15104752-0.j.db.ondigitalocean.com",
            "id": "1da376b1-538c-4200-af80-2338e758f0ea",
            "maintenance_window": [],
            "name": "prod-postgres-db-cluster-hackyeah2024",
            "node_count": 1,
            "password": "AVNS_Pk6DcDBlWPflbMqbHwa",
            "port": 25060,
            "private_host": "private-prod-postgres-db-cluster-hackyeah2024-do-user-15104752.j.db.ondigitalocean.com",
            "private_network_uuid": "fd2f7eef-e086-4eea-b875-170e0f9fa326",
            "private_uri": "postgresql://doadmin:AVNS_Pk6DcDBlWPflbMqbHwa@private-prod-postgres-db-cluster-hackyeah2024-do-user-15104752.j.db.ondigitalocean.com:25060/defaultdb?sslmode=require",
            "project_id": "fc8dae26-f18e-432a-ac1b-1e9a776755ce",
            "region": "fra1",
            "size": "db-s-1vcpu-1gb",
            "sql_mode": null,
            "storage_size_mib": "10240",
            "tags": null,
            "timeouts": null,
            "ui_database": null,
            "ui_host": null,
            "ui_password": null,
            "ui_port": null,
            "ui_uri": null,
            "ui_user": null,
            "uri": "postgresql://doadmin:AVNS_Pk6DcDBlWPflbMqbHwa@prod-postgres-db-cluster-hackyeah2024-do-user-15104752-0.j.db.ondigitalocean.com:25060/defaultdb?sslmode=require",
            "urn": "do:dbaas:1da376b1-538c-4200-af80-2338e758f0ea",
            "user": "doadmin",
            "version": "15"
          },
          "sensitive_attributes": [],
          "private": "eyJlMmJmYjczMC1lY2FhLTExZTYtOGY4OC0zNDM2M2JjN2M0YzAiOnsiY3JlYXRlIjoxODAwMDAwMDAwMDAwfX0="
        }
      ]
    },
    {
      "mode": "managed",
      "type": "digitalocean_database_db",
      "name": "hackyeah2024-db",
      "provider": "provider[\"registry.terraform.io/digitalocean/digitalocean\"]",
      "instances": [
        {
          "schema_version": 0,
          "attributes": {
            "cluster_id": "1da376b1-538c-4200-af80-2338e758f0ea",
            "id": "1da376b1-538c-4200-af80-2338e758f0ea/database/hackyeah2024-db",
            "name": "hackyeah2024-db"
          },
          "sensitive_attributes": [],
          "private": "bnVsbA==",
          "dependencies": [
            "digitalocean_database_cluster.postgres-db-cluster"
          ]
        }
      ]
    }
  ],
  "check_results": null
}
